
Microsoft Visual Studio Solution File, Format Version 12.00
# Visual Studio Version 16
VisualStudioVersion = 16.0.29025.244
MinimumVisualStudioVersion = 10.0.40219.1
Project("{FAE04EC0-301F-11D3-BF4B-00C04F79EFBC}") = "Tanks", "Tanks\Tanks.csproj", "{E7E4812C-1533-4583-B160-708593D7A8F8}"
EndProject
Project("{FAE04EC0-301F-11D3-BF4B-00C04F79EFBC}") = "Controller", "Controller\Controller.csproj", "{C118F185-4A54-4439-8904-685B55A50A58}"
EndProject
Project("{FAE04EC0-301F-11D3-BF4B-00C04F79EFBC}") = "Model", "Model\Model.csproj", "{EBD87F82-45C1-4ED5-B5B3-C711D1D5D39F}"
EndProject
Project("{FAE04EC0-301F-11D3-BF4B-00C04F79EFBC}") = "view", "view\view.csproj", "{D310C63C-194D-469D-8BEF-1AA081C3AA21}"
EndProject
Global
	GlobalSection(SolutionConfigurationPlatforms) = preSolution
		Debug|Any CPU = Debug|Any CPU
		Release|Any CPU = Release|Any CPU
	EndGlobalSection
	GlobalSection(ProjectConfigurationPlatforms) = postSolution
		{E7E4812C-1533-4583-B160-708593D7A8F8}.Debug|Any CPU.ActiveCfg = Debug|Any CPU
		{E7E4812C-1533-4583-B160-708593D7A8F8}.Debug|Any CPU.Build.0 = Debug|Any CPU
		{E7E4812C-1533-4583-B160-708593D7A8F8}.Release|Any CPU.ActiveCfg = Release|Any CPU
		{E7E4812C-1533-4583-B160-708593D7A8F8}.Release|Any CPU.Build.0 = Release|Any CPU
		{C118F185-4A54-4439-8904-685B55A50A58}.Debug|Any CPU.ActiveCfg = Debug|Any CPU
		{C118F185-4A54-4439-8904-685B55A50A58}.Debug|Any CPU.Build.0 = Debug|Any CPU
		{C118F185-4A54-4439-8904-685B55A50A58}.Release|Any CPU.ActiveCfg = Release|Any CPU
		{C118F185-4A54-4439-8904-685B55A50A58}.Release|Any CPU.Build.0 = Release|Any CPU
		{EBD87F82-45C1-4ED5-B5B3-C711D1D5D39F}.Debug|Any CPU.ActiveCfg = Debug|Any CPU
		{EBD87F82-45C1-4ED5-B5B3-C711D1D5D39F}.Debug|Any CPU.Build.0 = Debug|Any CPU
		{EBD87F82-45C1-4ED5-B5B3-C711D1D5D39F}.Release|Any CPU.ActiveCfg = Release|Any CPU
		{EBD87F82-45C1-4ED5-B5B3-C711D1D5D39F}.Release|Any CPU.Build.0 = Release|Any CPU
		{D310C63C-194D-469D-8BEF-1AA081C3AA21}.Debug|Any CPU.ActiveCfg = Debug|Any CPU
		{D310C63C-194D-469D-8BEF-1AA081C3AA21}.Debug|Any CPU.Build.0 = Debug|Any CPU
		{D310C63C-194D-469D-8BEF-1AA081C3AA21}.Release|Any CPU.ActiveCfg = Release|Any CPU
		{D310C63C-194D-469D-8BEF-1AA081C3AA21}.Release|Any CPU.Build.0 = Release|Any CPU
	EndGlobalSection
	GlobalSection(SolutionProperties) = preSolution
		HideSolutionNode = FALSE
	EndGlobalSection
	GlobalSection(ExtensibilityGlobals) = postSolution
		SolutionGuid = {A445CCF6-614A-4B39-A6A9-D5842DE2B991}
	EndGlobalSection
EndGlobal
